
Microsoft Visual Studio Solution File, Format Version 12.00
# Visual Studio Version 16
VisualStudioVersion = 16.0.30309.148
MinimumVisualStudioVersion = 10.0.40219.1
Project("{FAE04EC0-301F-11D3-BF4B-00C04F79EFBC}") = "NikithaProject", "NikithaProject\NikithaProject.csproj", "{C1D2344B-908A-499E-B5F2-B12376C05563}"
EndProject
Global
	GlobalSection(SolutionConfigurationPlatforms) = preSolution
		Debug|Any CPU = Debug|Any CPU
		Release|Any CPU = Release|Any CPU
	EndGlobalSection
	GlobalSection(ProjectConfigurationPlatforms) = postSolution
		{C1D2344B-908A-499E-B5F2-B12376C05563}.Debug|Any CPU.ActiveCfg = Debug|Any CPU
		{C1D2344B-908A-499E-B5F2-B12376C05563}.Debug|Any CPU.Build.0 = Debug|Any CPU
		{C1D2344B-908A-499E-B5F2-B12376C05563}.Release|Any CPU.ActiveCfg = Release|Any CPU
		{C1D2344B-908A-499E-B5F2-B12376C05563}.Release|Any CPU.Build.0 = Release|Any CPU
	EndGlobalSection
	GlobalSection(SolutionProperties) = preSolution
		HideSolutionNode = FALSE
	EndGlobalSection
	GlobalSection(ExtensibilityGlobals) = postSolution
		SolutionGuid = {6157C595-E31E-4798-BADC-E989C6BEA25B}
	EndGlobalSection
EndGlobal
